
Microsoft Visual Studio Solution File, Format Version 11.00
# Visual Studio 2010
Project("{F184B08F-C81C-45F6-A57F-5ABD9991F28F}") = "lab6_bai3", "lab6_bai3\lab6_bai3.vbproj", "{398DC483-1443-41F3-A869-7D0E85973372}"
EndProject
Global
	GlobalSection(SolutionConfigurationPlatforms) = preSolution
		Debug|x86 = Debug|x86
		Release|x86 = Release|x86
	EndGlobalSection
	GlobalSection(ProjectConfigurationPlatforms) = postSolution
		{398DC483-1443-41F3-A869-7D0E85973372}.Debug|x86.ActiveCfg = Debug|x86
		{398DC483-1443-41F3-A869-7D0E85973372}.Debug|x86.Build.0 = Debug|x86
		{398DC483-1443-41F3-A869-7D0E85973372}.Release|x86.ActiveCfg = Release|x86
		{398DC483-1443-41F3-A869-7D0E85973372}.Release|x86.Build.0 = Release|x86
	EndGlobalSection
	GlobalSection(SolutionProperties) = preSolution
		HideSolutionNode = FALSE
	EndGlobalSection
EndGlobal
